// !$*UTF8*$!
{
	archiveVersion = 1;
	classes = {
	};
	objectVersion = 46;
	objects = {

/* Begin PBXBuildFile section */
		482991E4166BEF7B00C197DE /* FavoriteAnimalStore.m in Sources */ = {isa = PBXBuildFile; fileRef = 482991E2166BEF7B00C197DE /* FavoriteAnimalStore.m */; };
		482991E7166BF0CE00C197DE /* MessageUI.framework in Frameworks */ = {isa = PBXBuildFile; fileRef = 482991E6166BF0CE00C197DE /* MessageUI.framework */; };
		482991E9166C033600C197DE /* Default-568h@2x.png in Resources */ = {isa = PBXBuildFile; fileRef = 482991E8166C033600C197DE /* Default-568h@2x.png */; };
		482991F0166C0D2300C197DE /* AsyncImageView.m in Sources */ = {isa = PBXBuildFile; fileRef = 482991EF166C0D2300C197DE /* AsyncImageView.m */; };
		484C6DBA166FC25200F6A0EC /* Icon@2x.png in Resources */ = {isa = PBXBuildFile; fileRef = 484C6DB9166FC25200F6A0EC /* Icon@2x.png */; };
		484C6DBC166FC25500F6A0EC /* Icon.png in Resources */ = {isa = PBXBuildFile; fileRef = 484C6DBB166FC25500F6A0EC /* Icon.png */; };
		489BD522166BE805008E9EE8 /* DetailViewController.m in Sources */ = {isa = PBXBuildFile; fileRef = 489BD520166BE805008E9EE8 /* DetailViewController.m */; };
		489BD523166BE805008E9EE8 /* DetailViewController.xib in Resources */ = {isa = PBXBuildFile; fileRef = 489BD521166BE805008E9EE8 /* DetailViewController.xib */; };
		489BD531166BE8A4008E9EE8 /* Cats.png in Resources */ = {isa = PBXBuildFile; fileRef = 489BD525166BE8A4008E9EE8 /* Cats.png */; };
		489BD532166BE8A4008E9EE8 /* Cats@2x.png in Resources */ = {isa = PBXBuildFile; fileRef = 489BD526166BE8A4008E9EE8 /* Cats@2x.png */; };
		489BD533166BE8A4008E9EE8 /* CatsTab.png in Resources */ = {isa = PBXBuildFile; fileRef = 489BD527166BE8A4008E9EE8 /* CatsTab.png */; };
		489BD534166BE8A4008E9EE8 /* CatsTab@2x.png in Resources */ = {isa = PBXBuildFile; fileRef = 489BD528166BE8A4008E9EE8 /* CatsTab@2x.png */; };
		489BD535166BE8A4008E9EE8 /* Dogs.png in Resources */ = {isa = PBXBuildFile; fileRef = 489BD529166BE8A4008E9EE8 /* Dogs.png */; };
		489BD536166BE8A4008E9EE8 /* Dogs@2x.png in Resources */ = {isa = PBXBuildFile; fileRef = 489BD52A166BE8A4008E9EE8 /* Dogs@2x.png */; };
		489BD537166BE8A4008E9EE8 /* DogsTab.png in Resources */ = {isa = PBXBuildFile; fileRef = 489BD52B166BE8A4008E9EE8 /* DogsTab.png */; };
		489BD538166BE8A4008E9EE8 /* DogsTab@2x.png in Resources */ = {isa = PBXBuildFile; fileRef = 489BD52C166BE8A4008E9EE8 /* DogsTab@2x.png */; };
		489BD539166BE8A4008E9EE8 /* Favorite.png in Resources */ = {isa = PBXBuildFile; fileRef = 489BD52D166BE8A4008E9EE8 /* Favorite.png */; };
		489BD53A166BE8A4008E9EE8 /* Favorite@2x.png in Resources */ = {isa = PBXBuildFile; fileRef = 489BD52E166BE8A4008E9EE8 /* Favorite@2x.png */; };
		489BD53B166BE8A4008E9EE8 /* FavoriteTab.png in Resources */ = {isa = PBXBuildFile; fileRef = 489BD52F166BE8A4008E9EE8 /* FavoriteTab.png */; };
		489BD53C166BE8A4008E9EE8 /* FavoriteTab@2x.png in Resources */ = {isa = PBXBuildFile; fileRef = 489BD530166BE8A4008E9EE8 /* FavoriteTab@2x.png */; };
		48C1BA09167021170063E50A /* AnimalConnection.m in Sources */ = {isa = PBXBuildFile; fileRef = 48C1BA08167021170063E50A /* AnimalConnection.m */; };
		48C1BA0F167024CC0063E50A /* Animals.m in Sources */ = {isa = PBXBuildFile; fileRef = 48C1BA0E167024CC0063E50A /* Animals.m */; };
		48C1BA2A167070970063E50A /* InfoViewController.m in Sources */ = {isa = PBXBuildFile; fileRef = 48C1BA28167070960063E50A /* InfoViewController.m */; };
		48C1BA2B167070970063E50A /* InfoViewController.xib in Resources */ = {isa = PBXBuildFile; fileRef = 48C1BA29167070960063E50A /* InfoViewController.xib */; };
		48C1BA2E167083710063E50A /* shelterlogo.png in Resources */ = {isa = PBXBuildFile; fileRef = 48C1BA2C167083710063E50A /* shelterlogo.png */; };
		48C1BA2F167083710063E50A /* shelterlogo@2x.png in Resources */ = {isa = PBXBuildFile; fileRef = 48C1BA2D167083710063E50A /* shelterlogo@2x.png */; };
		48C1BA3216708A9D0063E50A /* infoicon.png in Resources */ = {isa = PBXBuildFile; fileRef = 48C1BA3016708A9C0063E50A /* infoicon.png */; };
		48C1BA3316708A9D0063E50A /* infoicon@2x.png in Resources */ = {isa = PBXBuildFile; fileRef = 48C1BA3116708A9D0063E50A /* infoicon@2x.png */; };
		48D2307816558EF30028785F /* AnimalCell.xib in Resources */ = {isa = PBXBuildFile; fileRef = 48D2307716558EF30028785F /* AnimalCell.xib */; };
		48ECD46D166C40D700BF2384 /* FavoriteNavButton.png in Resources */ = {isa = PBXBuildFile; fileRef = 48ECD467166C40D700BF2384 /* FavoriteNavButton.png */; };
		48ECD46E166C40D700BF2384 /* FavoriteNavButton@2x.png in Resources */ = {isa = PBXBuildFile; fileRef = 48ECD468166C40D700BF2384 /* FavoriteNavButton@2x.png */; };
		48ECD46F166C40D700BF2384 /* Favorite-NotSelected@2x.png in Resources */ = {isa = PBXBuildFile; fileRef = 48ECD469166C40D700BF2384 /* Favorite-NotSelected@2x.png */; };
		48ECD470166C40D700BF2384 /* Favorite-NotSelected.png in Resources */ = {isa = PBXBuildFile; fileRef = 48ECD46A166C40D700BF2384 /* Favorite-NotSelected.png */; };
		48ECD471166C40D700BF2384 /* ShakeToFavorite@2x.png in Resources */ = {isa = PBXBuildFile; fileRef = 48ECD46B166C40D700BF2384 /* ShakeToFavorite@2x.png */; };
		48ECD472166C40D700BF2384 /* ShakeToFavorite.png in Resources */ = {isa = PBXBuildFile; fileRef = 48ECD46C166C40D700BF2384 /* ShakeToFavorite.png */; };
		48ECD47D166C636100BF2384 /* Favorite-Selected.png in Resources */ = {isa = PBXBuildFile; fileRef = 48ECD47B166C636100BF2384 /* Favorite-Selected.png */; };
		48ECD47E166C636100BF2384 /* Favorite-Selected@2x.png in Resources */ = {isa = PBXBuildFile; fileRef = 48ECD47C166C636100BF2384 /* Favorite-Selected@2x.png */; };
		4BBCBDD8166C1DDC004C619F /* FavoriteImageStore.m in Sources */ = {isa = PBXBuildFile; fileRef = 4BBCBDD7166C1DDC004C619F /* FavoriteImageStore.m */; };
		4BBCBDDA166C30FA004C619F /* CoreData.framework in Frameworks */ = {isa = PBXBuildFile; fileRef = 4BBCBDD9166C30FA004C619F /* CoreData.framework */; };
		4BBCBDDD166C315C004C619F /* PetFinderModel.xcdatamodeld in Sources */ = {isa = PBXBuildFile; fileRef = 4BBCBDDB166C315C004C619F /* PetFinderModel.xcdatamodeld */; };
		4BBCBDE0166C3772004C619F /* FavoriteAnimal.m in Sources */ = {isa = PBXBuildFile; fileRef = 4BBCBDDF166C3772004C619F /* FavoriteAnimal.m */; };
		7D08AC8F1651C56D0050663D /* DogsViewController.m in Sources */ = {isa = PBXBuildFile; fileRef = 7D08AC8D1651C56D0050663D /* DogsViewController.m */; };
		7D08AC901651C56D0050663D /* BaseViewController.xib in Resources */ = {isa = PBXBuildFile; fileRef = 7D08AC8E1651C56D0050663D /* BaseViewController.xib */; };
		7D08AC951651C5860050663D /* CatsViewController.m in Sources */ = {isa = PBXBuildFile; fileRef = 7D08AC931651C5860050663D /* CatsViewController.m */; };
		7D08AC9A1651C5A10050663D /* FavoritesViewController.m in Sources */ = {isa = PBXBuildFile; fileRef = 7D08AC981651C5A10050663D /* FavoritesViewController.m */; };
		7D08ACB91651DC2E0050663D /* Animal.m in Sources */ = {isa = PBXBuildFile; fileRef = 7D08ACB81651DC2E0050663D /* Animal.m */; };
		7D08ACCE1651F6130050663D /* CHCSVParser.m in Sources */ = {isa = PBXBuildFile; fileRef = 7D08ACC71651F6130050663D /* CHCSVParser.m */; };
		7D08ACCF1651F6130050663D /* CHCSVWriter.m in Sources */ = {isa = PBXBuildFile; fileRef = 7D08ACC91651F6130050663D /* CHCSVWriter.m */; };
		7D08ACD01651F6130050663D /* NSArray+CHCSVAdditions.m in Sources */ = {isa = PBXBuildFile; fileRef = 7D08ACCB1651F6130050663D /* NSArray+CHCSVAdditions.m */; };
		7D08ACD11651F6130050663D /* NSString+CHCSVAdditions.m in Sources */ = {isa = PBXBuildFile; fileRef = 7D08ACCD1651F6130050663D /* NSString+CHCSVAdditions.m */; };
		7D08ACD41651FBF10050663D /* Utilities.m in Sources */ = {isa = PBXBuildFile; fileRef = 7D08ACD31651FBF10050663D /* Utilities.m */; };
		7D08ACD81651FCF30050663D /* AnimalStore.m in Sources */ = {isa = PBXBuildFile; fileRef = 7D08ACD71651FCF30050663D /* AnimalStore.m */; };
		7D60D18316583903007F83D2 /* AnimalCell.m in Sources */ = {isa = PBXBuildFile; fileRef = 7D60D18216583903007F83D2 /* AnimalCell.m */; };
		7D9DE0DE165EA7C600831BB8 /* BaseViewController.m in Sources */ = {isa = PBXBuildFile; fileRef = 7D9DE0DD165EA7C600831BB8 /* BaseViewController.m */; };
		7D9DE0FA165ECAEA00831BB8 /* FilterViewController.m in Sources */ = {isa = PBXBuildFile; fileRef = 7D9DE0F8165ECAE900831BB8 /* FilterViewController.m */; };
		7D9DE0FB165ECAEA00831BB8 /* FilterViewController.xib in Resources */ = {isa = PBXBuildFile; fileRef = 7D9DE0F9165ECAE900831BB8 /* FilterViewController.xib */; };
		7D9DE0FD165EE62E00831BB8 /* Filter.plist in Resources */ = {isa = PBXBuildFile; fileRef = 7D9DE0FC165EE62D00831BB8 /* Filter.plist */; };
		7DDF187E165306AB00F7FD78 /* Settings.bundle in Resources */ = {isa = PBXBuildFile; fileRef = 7DDF187D165306AB00F7FD78 /* Settings.bundle */; };
		ECD235D3164C6F5C0099253C /* UIKit.framework in Frameworks */ = {isa = PBXBuildFile; fileRef = ECD235D2164C6F5C0099253C /* UIKit.framework */; };
		ECD235D5164C6F5C0099253C /* Foundation.framework in Frameworks */ = {isa = PBXBuildFile; fileRef = ECD235D4164C6F5C0099253C /* Foundation.framework */; };
		ECD235D7164C6F5C0099253C /* CoreGraphics.framework in Frameworks */ = {isa = PBXBuildFile; fileRef = ECD235D6164C6F5C0099253C /* CoreGraphics.framework */; };
		ECD235DD164C6F5C0099253C /* InfoPlist.strings in Resources */ = {isa = PBXBuildFile; fileRef = ECD235DB164C6F5C0099253C /* InfoPlist.strings */; };
		ECD235DF164C6F5C0099253C /* main.m in Sources */ = {isa = PBXBuildFile; fileRef = ECD235DE164C6F5C0099253C /* main.m */; };
		ECD235E3164C6F5C0099253C /* AppDelegate.m in Sources */ = {isa = PBXBuildFile; fileRef = ECD235E2164C6F5C0099253C /* AppDelegate.m */; };
		F1F332F21659FECA0092329F /* animals.xml in Resources */ = {isa = PBXBuildFile; fileRef = F1F332F01659FECA0092329F /* animals.xml */; };
/* End PBXBuildFile section */

/* Begin PBXFileReference section */
		482991E1166BEF7B00C197DE /* FavoriteAnimalStore.h */ = {isa = PBXFileReference; fileEncoding = 4; lastKnownFileType = sourcecode.c.h; path = FavoriteAnimalStore.h; sourceTree = "<group>"; };
		482991E2166BEF7B00C197DE /* FavoriteAnimalStore.m */ = {isa = PBXFileReference; fileEncoding = 4; lastKnownFileType = sourcecode.c.objc; path = FavoriteAnimalStore.m; sourceTree = "<group>"; };
		482991E6166BF0CE00C197DE /* MessageUI.framework */ = {isa = PBXFileReference; lastKnownFileType = wrapper.framework; name = MessageUI.framework; path = System/Library/Frameworks/MessageUI.framework; sourceTree = SDKROOT; };
		482991E8166C033600C197DE /* Default-568h@2x.png */ = {isa = PBXFileReference; lastKnownFileType = image.png; path = "Default-568h@2x.png"; sourceTree = "<group>"; };
		482991EE166C0D2300C197DE /* AsyncImageView.h */ = {isa = PBXFileReference; fileEncoding = 4; lastKnownFileType = sourcecode.c.h; path = AsyncImageView.h; sourceTree = "<group>"; };
		482991EF166C0D2300C197DE /* AsyncImageView.m */ = {isa = PBXFileReference; fileEncoding = 4; lastKnownFileType = sourcecode.c.objc; path = AsyncImageView.m; sourceTree = "<group>"; };
		484C6DB9166FC25200F6A0EC /* Icon@2x.png */ = {isa = PBXFileReference; lastKnownFileType = image.png; path = "Icon@2x.png"; sourceTree = "<group>"; };
		484C6DBB166FC25500F6A0EC /* Icon.png */ = {isa = PBXFileReference; lastKnownFileType = image.png; path = Icon.png; sourceTree = "<group>"; };
		489BD51F166BE805008E9EE8 /* DetailViewController.h */ = {isa = PBXFileReference; fileEncoding = 4; lastKnownFileType = sourcecode.c.h; path = DetailViewController.h; sourceTree = "<group>"; };
		489BD520166BE805008E9EE8 /* DetailViewController.m */ = {isa = PBXFileReference; fileEncoding = 4; lastKnownFileType = sourcecode.c.objc; path = DetailViewController.m; sourceTree = "<group>"; };
		489BD521166BE805008E9EE8 /* DetailViewController.xib */ = {isa = PBXFileReference; fileEncoding = 4; lastKnownFileType = file.xib; path = DetailViewController.xib; sourceTree = "<group>"; };
		489BD525166BE8A4008E9EE8 /* Cats.png */ = {isa = PBXFileReference; lastKnownFileType = image.png; path = Cats.png; sourceTree = "<group>"; };
		489BD526166BE8A4008E9EE8 /* Cats@2x.png */ = {isa = PBXFileReference; lastKnownFileType = image.png; path = "Cats@2x.png"; sourceTree = "<group>"; };
		489BD527166BE8A4008E9EE8 /* CatsTab.png */ = {isa = PBXFileReference; lastKnownFileType = image.png; path = CatsTab.png; sourceTree = "<group>"; };
		489BD528166BE8A4008E9EE8 /* CatsTab@2x.png */ = {isa = PBXFileReference; lastKnownFileType = image.png; path = "CatsTab@2x.png"; sourceTree = "<group>"; };
		489BD529166BE8A4008E9EE8 /* Dogs.png */ = {isa = PBXFileReference; lastKnownFileType = image.png; path = Dogs.png; sourceTree = "<group>"; };
		489BD52A166BE8A4008E9EE8 /* Dogs@2x.png */ = {isa = PBXFileReference; lastKnownFileType = image.png; path = "Dogs@2x.png"; sourceTree = "<group>"; };
		489BD52B166BE8A4008E9EE8 /* DogsTab.png */ = {isa = PBXFileReference; lastKnownFileType = image.png; path = DogsTab.png; sourceTree = "<group>"; };
		489BD52C166BE8A4008E9EE8 /* DogsTab@2x.png */ = {isa = PBXFileReference; lastKnownFileType = image.png; path = "DogsTab@2x.png"; sourceTree = "<group>"; };
		489BD52D166BE8A4008E9EE8 /* Favorite.png */ = {isa = PBXFileReference; lastKnownFileType = image.png; path = Favorite.png; sourceTree = "<group>"; };
		489BD52E166BE8A4008E9EE8 /* Favorite@2x.png */ = {isa = PBXFileReference; lastKnownFileType = image.png; path = "Favorite@2x.png"; sourceTree = "<group>"; };
		489BD52F166BE8A4008E9EE8 /* FavoriteTab.png */ = {isa = PBXFileReference; lastKnownFileType = image.png; path = FavoriteTab.png; sourceTree = "<group>"; };
		489BD530166BE8A4008E9EE8 /* FavoriteTab@2x.png */ = {isa = PBXFileReference; lastKnownFileType = image.png; path = "FavoriteTab@2x.png"; sourceTree = "<group>"; };
		48C1BA07167021170063E50A /* AnimalConnection.h */ = {isa = PBXFileReference; fileEncoding = 4; lastKnownFileType = sourcecode.c.h; path = AnimalConnection.h; sourceTree = "<group>"; };
		48C1BA08167021170063E50A /* AnimalConnection.m */ = {isa = PBXFileReference; fileEncoding = 4; lastKnownFileType = sourcecode.c.objc; path = AnimalConnection.m; sourceTree = "<group>"; };
		48C1BA0D167024CC0063E50A /* Animals.h */ = {isa = PBXFileReference; fileEncoding = 4; lastKnownFileType = sourcecode.c.h; path = Animals.h; sourceTree = "<group>"; };
		48C1BA0E167024CC0063E50A /* Animals.m */ = {isa = PBXFileReference; fileEncoding = 4; lastKnownFileType = sourcecode.c.objc; path = Animals.m; sourceTree = "<group>"; };
		48C1BA1416703EB60063E50A /* AnimalDataParser.h */ = {isa = PBXFileReference; fileEncoding = 4; lastKnownFileType = sourcecode.c.h; path = AnimalDataParser.h; sourceTree = "<group>"; };
		48C1BA27167070950063E50A /* InfoViewController.h */ = {isa = PBXFileReference; fileEncoding = 4; lastKnownFileType = sourcecode.c.h; path = InfoViewController.h; sourceTree = "<group>"; };
		48C1BA28167070960063E50A /* InfoViewController.m */ = {isa = PBXFileReference; fileEncoding = 4; lastKnownFileType = sourcecode.c.objc; path = InfoViewController.m; sourceTree = "<group>"; };
		48C1BA29167070960063E50A /* InfoViewController.xib */ = {isa = PBXFileReference; fileEncoding = 4; lastKnownFileType = file.xib; path = InfoViewController.xib; sourceTree = "<group>"; };
		48C1BA2C167083710063E50A /* shelterlogo.png */ = {isa = PBXFileReference; lastKnownFileType = image.png; path = shelterlogo.png; sourceTree = "<group>"; };
		48C1BA2D167083710063E50A /* shelterlogo@2x.png */ = {isa = PBXFileReference; lastKnownFileType = image.png; path = "shelterlogo@2x.png"; sourceTree = "<group>"; };
		48C1BA3016708A9C0063E50A /* infoicon.png */ = {isa = PBXFileReference; lastKnownFileType = image.png; path = infoicon.png; sourceTree = "<group>"; };
		48C1BA3116708A9D0063E50A /* infoicon@2x.png */ = {isa = PBXFileReference; lastKnownFileType = image.png; path = "infoicon@2x.png"; sourceTree = "<group>"; };
		48D2307716558EF30028785F /* AnimalCell.xib */ = {isa = PBXFileReference; fileEncoding = 4; lastKnownFileType = file.xib; path = AnimalCell.xib; sourceTree = "<group>"; };
		48ECD467166C40D700BF2384 /* FavoriteNavButton.png */ = {isa = PBXFileReference; lastKnownFileType = image.png; path = FavoriteNavButton.png; sourceTree = "<group>"; };
		48ECD468166C40D700BF2384 /* FavoriteNavButton@2x.png */ = {isa = PBXFileReference; lastKnownFileType = image.png; path = "FavoriteNavButton@2x.png"; sourceTree = "<group>"; };
		48ECD469166C40D700BF2384 /* Favorite-NotSelected@2x.png */ = {isa = PBXFileReference; lastKnownFileType = image.png; path = "Favorite-NotSelected@2x.png"; sourceTree = "<group>"; };
		48ECD46A166C40D700BF2384 /* Favorite-NotSelected.png */ = {isa = PBXFileReference; lastKnownFileType = image.png; path = "Favorite-NotSelected.png"; sourceTree = "<group>"; };
		48ECD46B166C40D700BF2384 /* ShakeToFavorite@2x.png */ = {isa = PBXFileReference; lastKnownFileType = image.png; path = "ShakeToFavorite@2x.png"; sourceTree = "<group>"; };
		48ECD46C166C40D700BF2384 /* ShakeToFavorite.png */ = {isa = PBXFileReference; lastKnownFileType = image.png; path = ShakeToFavorite.png; sourceTree = "<group>"; };
		48ECD47B166C636100BF2384 /* Favorite-Selected.png */ = {isa = PBXFileReference; lastKnownFileType = image.png; path = "Favorite-Selected.png"; sourceTree = "<group>"; };
		48ECD47C166C636100BF2384 /* Favorite-Selected@2x.png */ = {isa = PBXFileReference; lastKnownFileType = image.png; path = "Favorite-Selected@2x.png"; sourceTree = "<group>"; };
		4BBCBDD6166C1DDC004C619F /* FavoriteImageStore.h */ = {isa = PBXFileReference; fileEncoding = 4; lastKnownFileType = sourcecode.c.h; path = FavoriteImageStore.h; sourceTree = "<group>"; };
		4BBCBDD7166C1DDC004C619F /* FavoriteImageStore.m */ = {isa = PBXFileReference; fileEncoding = 4; lastKnownFileType = sourcecode.c.objc; path = FavoriteImageStore.m; sourceTree = "<group>"; };
		4BBCBDD9166C30FA004C619F /* CoreData.framework */ = {isa = PBXFileReference; lastKnownFileType = wrapper.framework; name = CoreData.framework; path = System/Library/Frameworks/CoreData.framework; sourceTree = SDKROOT; };
		4BBCBDDC166C315C004C619F /* PetFinderModel.xcdatamodel */ = {isa = PBXFileReference; lastKnownFileType = wrapper.xcdatamodel; path = PetFinderModel.xcdatamodel; sourceTree = "<group>"; };
		4BBCBDDE166C3772004C619F /* FavoriteAnimal.h */ = {isa = PBXFileReference; fileEncoding = 4; lastKnownFileType = sourcecode.c.h; path = FavoriteAnimal.h; sourceTree = "<group>"; };
		4BBCBDDF166C3772004C619F /* FavoriteAnimal.m */ = {isa = PBXFileReference; fileEncoding = 4; lastKnownFileType = sourcecode.c.objc; path = FavoriteAnimal.m; sourceTree = "<group>"; };
		7D08AC8C1651C56D0050663D /* DogsViewController.h */ = {isa = PBXFileReference; fileEncoding = 4; lastKnownFileType = sourcecode.c.h; path = DogsViewController.h; sourceTree = "<group>"; };
		7D08AC8D1651C56D0050663D /* DogsViewController.m */ = {isa = PBXFileReference; fileEncoding = 4; lastKnownFileType = sourcecode.c.objc; path = DogsViewController.m; sourceTree = "<group>"; };
		7D08AC8E1651C56D0050663D /* BaseViewController.xib */ = {isa = PBXFileReference; fileEncoding = 4; lastKnownFileType = file.xib; path = BaseViewController.xib; sourceTree = "<group>"; };
		7D08AC921651C5860050663D /* CatsViewController.h */ = {isa = PBXFileReference; fileEncoding = 4; lastKnownFileType = sourcecode.c.h; path = CatsViewController.h; sourceTree = "<group>"; };
		7D08AC931651C5860050663D /* CatsViewController.m */ = {isa = PBXFileReference; fileEncoding = 4; lastKnownFileType = sourcecode.c.objc; path = CatsViewController.m; sourceTree = "<group>"; };
		7D08AC971651C5A10050663D /* FavoritesViewController.h */ = {isa = PBXFileReference; fileEncoding = 4; lastKnownFileType = sourcecode.c.h; path = FavoritesViewController.h; sourceTree = "<group>"; };
		7D08AC981651C5A10050663D /* FavoritesViewController.m */ = {isa = PBXFileReference; fileEncoding = 4; lastKnownFileType = sourcecode.c.objc; path = FavoritesViewController.m; sourceTree = "<group>"; };
		7D08ACB71651DC2E0050663D /* Animal.h */ = {isa = PBXFileReference; fileEncoding = 4; lastKnownFileType = sourcecode.c.h; path = Animal.h; sourceTree = "<group>"; };
		7D08ACB81651DC2E0050663D /* Animal.m */ = {isa = PBXFileReference; fileEncoding = 4; lastKnownFileType = sourcecode.c.objc; path = Animal.m; sourceTree = "<group>"; };
		7D08ACC51651F6130050663D /* CHCSV.h */ = {isa = PBXFileReference; fileEncoding = 4; lastKnownFileType = sourcecode.c.h; path = CHCSV.h; sourceTree = "<group>"; };
		7D08ACC61651F6130050663D /* CHCSVParser.h */ = {isa = PBXFileReference; fileEncoding = 4; lastKnownFileType = sourcecode.c.h; path = CHCSVParser.h; sourceTree = "<group>"; };
		7D08ACC71651F6130050663D /* CHCSVParser.m */ = {isa = PBXFileReference; fileEncoding = 4; lastKnownFileType = sourcecode.c.objc; path = CHCSVParser.m; sourceTree = "<group>"; };
		7D08ACC81651F6130050663D /* CHCSVWriter.h */ = {isa = PBXFileReference; fileEncoding = 4; lastKnownFileType = sourcecode.c.h; path = CHCSVWriter.h; sourceTree = "<group>"; };
		7D08ACC91651F6130050663D /* CHCSVWriter.m */ = {isa = PBXFileReference; fileEncoding = 4; lastKnownFileType = sourcecode.c.objc; path = CHCSVWriter.m; sourceTree = "<group>"; };
		7D08ACCA1651F6130050663D /* NSArray+CHCSVAdditions.h */ = {isa = PBXFileReference; fileEncoding = 4; lastKnownFileType = sourcecode.c.h; path = "NSArray+CHCSVAdditions.h"; sourceTree = "<group>"; };
		7D08ACCB1651F6130050663D /* NSArray+CHCSVAdditions.m */ = {isa = PBXFileReference; fileEncoding = 4; lastKnownFileType = sourcecode.c.objc; path = "NSArray+CHCSVAdditions.m"; sourceTree = "<group>"; };
		7D08ACCC1651F6130050663D /* NSString+CHCSVAdditions.h */ = {isa = PBXFileReference; fileEncoding = 4; lastKnownFileType = sourcecode.c.h; path = "NSString+CHCSVAdditions.h"; sourceTree = "<group>"; };
		7D08ACCD1651F6130050663D /* NSString+CHCSVAdditions.m */ = {isa = PBXFileReference; fileEncoding = 4; lastKnownFileType = sourcecode.c.objc; path = "NSString+CHCSVAdditions.m"; sourceTree = "<group>"; };
		7D08ACD21651FBF10050663D /* Utilities.h */ = {isa = PBXFileReference; fileEncoding = 4; lastKnownFileType = sourcecode.c.h; path = Utilities.h; sourceTree = "<group>"; };
		7D08ACD31651FBF10050663D /* Utilities.m */ = {isa = PBXFileReference; fileEncoding = 4; lastKnownFileType = sourcecode.c.objc; path = Utilities.m; sourceTree = "<group>"; };
		7D08ACD61651FCF30050663D /* AnimalStore.h */ = {isa = PBXFileReference; fileEncoding = 4; lastKnownFileType = sourcecode.c.h; path = AnimalStore.h; sourceTree = "<group>"; };
		7D08ACD71651FCF30050663D /* AnimalStore.m */ = {isa = PBXFileReference; fileEncoding = 4; lastKnownFileType = sourcecode.c.objc; path = AnimalStore.m; sourceTree = "<group>"; };
		7D60D18116583903007F83D2 /* AnimalCell.h */ = {isa = PBXFileReference; fileEncoding = 4; lastKnownFileType = sourcecode.c.h; path = AnimalCell.h; sourceTree = "<group>"; };
		7D60D18216583903007F83D2 /* AnimalCell.m */ = {isa = PBXFileReference; fileEncoding = 4; lastKnownFileType = sourcecode.c.objc; path = AnimalCell.m; sourceTree = "<group>"; };
		7D9DE0DC165EA7C600831BB8 /* BaseViewController.h */ = {isa = PBXFileReference; fileEncoding = 4; lastKnownFileType = sourcecode.c.h; path = BaseViewController.h; sourceTree = "<group>"; };
		7D9DE0DD165EA7C600831BB8 /* BaseViewController.m */ = {isa = PBXFileReference; fileEncoding = 4; lastKnownFileType = sourcecode.c.objc; path = BaseViewController.m; sourceTree = "<group>"; };
		7D9DE0F7165ECAE900831BB8 /* FilterViewController.h */ = {isa = PBXFileReference; fileEncoding = 4; lastKnownFileType = sourcecode.c.h; path = FilterViewController.h; sourceTree = "<group>"; };
		7D9DE0F8165ECAE900831BB8 /* FilterViewController.m */ = {isa = PBXFileReference; fileEncoding = 4; lastKnownFileType = sourcecode.c.objc; path = FilterViewController.m; sourceTree = "<group>"; };
		7D9DE0F9165ECAE900831BB8 /* FilterViewController.xib */ = {isa = PBXFileReference; fileEncoding = 4; lastKnownFileType = file.xib; path = FilterViewController.xib; sourceTree = "<group>"; };
		7D9DE0FC165EE62D00831BB8 /* Filter.plist */ = {isa = PBXFileReference; fileEncoding = 4; lastKnownFileType = text.plist.xml; path = Filter.plist; sourceTree = "<group>"; };
		7DDF187D165306AB00F7FD78 /* Settings.bundle */ = {isa = PBXFileReference; lastKnownFileType = "wrapper.plug-in"; path = Settings.bundle; sourceTree = "<group>"; };
		ECD235CE164C6F5C0099253C /* PetFinder.app */ = {isa = PBXFileReference; explicitFileType = wrapper.application; includeInIndex = 0; path = PetFinder.app; sourceTree = BUILT_PRODUCTS_DIR; };
		ECD235D2164C6F5C0099253C /* UIKit.framework */ = {isa = PBXFileReference; lastKnownFileType = wrapper.framework; name = UIKit.framework; path = System/Library/Frameworks/UIKit.framework; sourceTree = SDKROOT; };
		ECD235D4164C6F5C0099253C /* Foundation.framework */ = {isa = PBXFileReference; lastKnownFileType = wrapper.framework; name = Foundation.framework; path = System/Library/Frameworks/Foundation.framework; sourceTree = SDKROOT; };
		ECD235D6164C6F5C0099253C /* CoreGraphics.framework */ = {isa = PBXFileReference; lastKnownFileType = wrapper.framework; name = CoreGraphics.framework; path = System/Library/Frameworks/CoreGraphics.framework; sourceTree = SDKROOT; };
		ECD235DA164C6F5C0099253C /* PetFinder-Info.plist */ = {isa = PBXFileReference; lastKnownFileType = text.plist.xml; path = "PetFinder-Info.plist"; sourceTree = "<group>"; };
		ECD235DC164C6F5C0099253C /* en */ = {isa = PBXFileReference; lastKnownFileType = text.plist.strings; name = en; path = en.lproj/InfoPlist.strings; sourceTree = "<group>"; };
		ECD235DE164C6F5C0099253C /* main.m */ = {isa = PBXFileReference; lastKnownFileType = sourcecode.c.objc; path = main.m; sourceTree = "<group>"; };
		ECD235E0164C6F5C0099253C /* PetFinder-Prefix.pch */ = {isa = PBXFileReference; lastKnownFileType = sourcecode.c.h; path = "PetFinder-Prefix.pch"; sourceTree = "<group>"; };
		ECD235E1164C6F5C0099253C /* AppDelegate.h */ = {isa = PBXFileReference; lastKnownFileType = sourcecode.c.h; path = AppDelegate.h; sourceTree = "<group>"; };
		ECD235E2164C6F5C0099253C /* AppDelegate.m */ = {isa = PBXFileReference; lastKnownFileType = sourcecode.c.objc; path = AppDelegate.m; sourceTree = "<group>"; };
		F1F332F01659FECA0092329F /* animals.xml */ = {isa = PBXFileReference; fileEncoding = 4; lastKnownFileType = text.xml; path = animals.xml; sourceTree = "<group>"; };
/* End PBXFileReference section */

/* Begin PBXFrameworksBuildPhase section */
		ECD235CB164C6F5C0099253C /* Frameworks */ = {
			isa = PBXFrameworksBuildPhase;
			buildActionMask = 2147483647;
			files = (
				4BBCBDDA166C30FA004C619F /* CoreData.framework in Frameworks */,
				482991E7166BF0CE00C197DE /* MessageUI.framework in Frameworks */,
				ECD235D3164C6F5C0099253C /* UIKit.framework in Frameworks */,
				ECD235D5164C6F5C0099253C /* Foundation.framework in Frameworks */,
				ECD235D7164C6F5C0099253C /* CoreGraphics.framework in Frameworks */,
			);
			runOnlyForDeploymentPostprocessing = 0;
		};
/* End PBXFrameworksBuildPhase section */

/* Begin PBXGroup section */
		482991ED166C0D2300C197DE /* AsyncImageView */ = {
			isa = PBXGroup;
			children = (
				482991EE166C0D2300C197DE /* AsyncImageView.h */,
				482991EF166C0D2300C197DE /* AsyncImageView.m */,
			);
			path = AsyncImageView;
			sourceTree = "<group>";
		};
		48C1BA0516701FDD0063E50A /* Stores */ = {
			isa = PBXGroup;
			children = (
				7D08ACD61651FCF30050663D /* AnimalStore.h */,
				7D08ACD71651FCF30050663D /* AnimalStore.m */,
				4BBCBDD6166C1DDC004C619F /* FavoriteImageStore.h */,
				4BBCBDD7166C1DDC004C619F /* FavoriteImageStore.m */,
				482991E1166BEF7B00C197DE /* FavoriteAnimalStore.h */,
				482991E2166BEF7B00C197DE /* FavoriteAnimalStore.m */,
			);
			name = Stores;
			sourceTree = "<group>";
		};
		7D08AC9C1651C76A0050663D /* Models */ = {
			isa = PBXGroup;
			children = (
				7D08ACB71651DC2E0050663D /* Animal.h */,
				7D08ACB81651DC2E0050663D /* Animal.m */,
				48C1BA0D167024CC0063E50A /* Animals.h */,
				48C1BA0E167024CC0063E50A /* Animals.m */,
				F1F332F01659FECA0092329F /* animals.xml */,
				4BBCBDDB166C315C004C619F /* PetFinderModel.xcdatamodeld */,
				4BBCBDDE166C3772004C619F /* FavoriteAnimal.h */,
				4BBCBDDF166C3772004C619F /* FavoriteAnimal.m */,
			);
			name = Models;
			sourceTree = "<group>";
		};
		7D08AC9D1651C7850050663D /* View Controllers */ = {
			isa = PBXGroup;
			children = (
				489BD51F166BE805008E9EE8 /* DetailViewController.h */,
				489BD520166BE805008E9EE8 /* DetailViewController.m */,
				7D08AC8C1651C56D0050663D /* DogsViewController.h */,
				7D08AC8D1651C56D0050663D /* DogsViewController.m */,
				7D08AC921651C5860050663D /* CatsViewController.h */,
				7D08AC931651C5860050663D /* CatsViewController.m */,
				7D08AC971651C5A10050663D /* FavoritesViewController.h */,
				7D08AC981651C5A10050663D /* FavoritesViewController.m */,
				7D60D18116583903007F83D2 /* AnimalCell.h */,
				7D60D18216583903007F83D2 /* AnimalCell.m */,
				7D9DE0DC165EA7C600831BB8 /* BaseViewController.h */,
				7D9DE0DD165EA7C600831BB8 /* BaseViewController.m */,
				7D9DE0F7165ECAE900831BB8 /* FilterViewController.h */,
				7D9DE0F8165ECAE900831BB8 /* FilterViewController.m */,
				48C1BA27167070950063E50A /* InfoViewController.h */,
				48C1BA28167070960063E50A /* InfoViewController.m */,
			);
			name = "View Controllers";
			sourceTree = "<group>";
		};
		7D08AC9E1651C7A20050663D /* Views */ = {
			isa = PBXGroup;
			children = (
				489BD521166BE805008E9EE8 /* DetailViewController.xib */,
				7D08AC8E1651C56D0050663D /* BaseViewController.xib */,
				7D9DE0F9165ECAE900831BB8 /* FilterViewController.xib */,
				48C1BA29167070960063E50A /* InfoViewController.xib */,
				48D2307716558EF30028785F /* AnimalCell.xib */,
			);
			name = Views;
			sourceTree = "<group>";
		};
		7D08ACA71651CE7B0050663D /* CHCSVParser */ = {
			isa = PBXGroup;
			children = (
				7D08ACC51651F6130050663D /* CHCSV.h */,
				7D08ACC61651F6130050663D /* CHCSVParser.h */,
				7D08ACC71651F6130050663D /* CHCSVParser.m */,
				7D08ACC81651F6130050663D /* CHCSVWriter.h */,
				7D08ACC91651F6130050663D /* CHCSVWriter.m */,
				7D08ACCA1651F6130050663D /* NSArray+CHCSVAdditions.h */,
				7D08ACCB1651F6130050663D /* NSArray+CHCSVAdditions.m */,
				7D08ACCC1651F6130050663D /* NSString+CHCSVAdditions.h */,
				7D08ACCD1651F6130050663D /* NSString+CHCSVAdditions.m */,
			);
			path = CHCSVParser;
			sourceTree = "<group>";
		};
		7D08ACB61651DBF80050663D /* Data Connections */ = {
			isa = PBXGroup;
			children = (
				48C1BA07167021170063E50A /* AnimalConnection.h */,
				48C1BA08167021170063E50A /* AnimalConnection.m */,
				48C1BA1416703EB60063E50A /* AnimalDataParser.h */,
			);
			name = "Data Connections";
			sourceTree = "<group>";
		};
		7D60D18516597C50007F83D2 /* Resources */ = {
			isa = PBXGroup;
			children = (
				48C1BA2C167083710063E50A /* shelterlogo.png */,
				48C1BA3016708A9C0063E50A /* infoicon.png */,
				48C1BA3116708A9D0063E50A /* infoicon@2x.png */,
				48C1BA2D167083710063E50A /* shelterlogo@2x.png */,
				48ECD47B166C636100BF2384 /* Favorite-Selected.png */,
				48ECD47C166C636100BF2384 /* Favorite-Selected@2x.png */,
				48ECD467166C40D700BF2384 /* FavoriteNavButton.png */,
				48ECD468166C40D700BF2384 /* FavoriteNavButton@2x.png */,
				48ECD469166C40D700BF2384 /* Favorite-NotSelected@2x.png */,
				48ECD46A166C40D700BF2384 /* Favorite-NotSelected.png */,
				48ECD46B166C40D700BF2384 /* ShakeToFavorite@2x.png */,
				48ECD46C166C40D700BF2384 /* ShakeToFavorite.png */,
				7D08ACA71651CE7B0050663D /* CHCSVParser */,
				482991ED166C0D2300C197DE /* AsyncImageView */,
				489BD525166BE8A4008E9EE8 /* Cats.png */,
				489BD526166BE8A4008E9EE8 /* Cats@2x.png */,
				489BD527166BE8A4008E9EE8 /* CatsTab.png */,
				489BD528166BE8A4008E9EE8 /* CatsTab@2x.png */,
				489BD529166BE8A4008E9EE8 /* Dogs.png */,
				489BD52A166BE8A4008E9EE8 /* Dogs@2x.png */,
				489BD52B166BE8A4008E9EE8 /* DogsTab.png */,
				489BD52C166BE8A4008E9EE8 /* DogsTab@2x.png */,
				489BD52D166BE8A4008E9EE8 /* Favorite.png */,
				489BD52E166BE8A4008E9EE8 /* Favorite@2x.png */,
				489BD52F166BE8A4008E9EE8 /* FavoriteTab.png */,
				489BD530166BE8A4008E9EE8 /* FavoriteTab@2x.png */,
			);
			name = Resources;
			sourceTree = "<group>";
		};
		ECD235C3164C6F5C0099253C = {
			isa = PBXGroup;
			children = (
				484C6DBB166FC25500F6A0EC /* Icon.png */,
				484C6DB9166FC25200F6A0EC /* Icon@2x.png */,
				4BBCBDD9166C30FA004C619F /* CoreData.framework */,
				482991E8166C033600C197DE /* Default-568h@2x.png */,
				482991E6166BF0CE00C197DE /* MessageUI.framework */,
				ECD235D8164C6F5C0099253C /* PetFinder */,
				ECD235D1164C6F5C0099253C /* Frameworks */,
				ECD235CF164C6F5C0099253C /* Products */,
			);
			sourceTree = "<group>";
		};
		ECD235CF164C6F5C0099253C /* Products */ = {
			isa = PBXGroup;
			children = (
				ECD235CE164C6F5C0099253C /* PetFinder.app */,
			);
			name = Products;
			sourceTree = "<group>";
		};
		ECD235D1164C6F5C0099253C /* Frameworks */ = {
			isa = PBXGroup;
			children = (
				ECD235D2164C6F5C0099253C /* UIKit.framework */,
				ECD235D4164C6F5C0099253C /* Foundation.framework */,
				ECD235D6164C6F5C0099253C /* CoreGraphics.framework */,
			);
			name = Frameworks;
			sourceTree = "<group>";
		};
		ECD235D8164C6F5C0099253C /* PetFinder */ = {
			isa = PBXGroup;
			children = (
				7D08AC9C1651C76A0050663D /* Models */,
				48C1BA0516701FDD0063E50A /* Stores */,
				7D60D18516597C50007F83D2 /* Resources */,
				7D08ACB61651DBF80050663D /* Data Connections */,
				7D08AC9E1651C7A20050663D /* Views */,
				7D08AC9D1651C7850050663D /* View Controllers */,
				ECD235E1164C6F5C0099253C /* AppDelegate.h */,
				ECD235E2164C6F5C0099253C /* AppDelegate.m */,
				ECD235D9164C6F5C0099253C /* Supporting Files */,
				7D08ACD21651FBF10050663D /* Utilities.h */,
				7D08ACD31651FBF10050663D /* Utilities.m */,
				7DDF187D165306AB00F7FD78 /* Settings.bundle */,
				7D9DE0FC165EE62D00831BB8 /* Filter.plist */,
			);
			path = PetFinder;
			sourceTree = "<group>";
		};
		ECD235D9164C6F5C0099253C /* Supporting Files */ = {
			isa = PBXGroup;
			children = (
				ECD235DA164C6F5C0099253C /* PetFinder-Info.plist */,
				ECD235DB164C6F5C0099253C /* InfoPlist.strings */,
				ECD235DE164C6F5C0099253C /* main.m */,
				ECD235E0164C6F5C0099253C /* PetFinder-Prefix.pch */,
			);
			name = "Supporting Files";
			sourceTree = "<group>";
		};
/* End PBXGroup section */

/* Begin PBXNativeTarget section */
		ECD235CD164C6F5C0099253C /* PetFinder */ = {
			isa = PBXNativeTarget;
			buildConfigurationList = ECD235EC164C6F5C0099253C /* Build configuration list for PBXNativeTarget "PetFinder" */;
			buildPhases = (
				ECD235CA164C6F5C0099253C /* Sources */,
				ECD235CB164C6F5C0099253C /* Frameworks */,
				ECD235CC164C6F5C0099253C /* Resources */,
			);
			buildRules = (
			);
			dependencies = (
			);
			name = PetFinder;
			productName = PetFinder;
			productReference = ECD235CE164C6F5C0099253C /* PetFinder.app */;
			productType = "com.apple.product-type.application";
		};
/* End PBXNativeTarget section */

/* Begin PBXProject section */
		ECD235C5164C6F5C0099253C /* Project object */ = {
			isa = PBXProject;
			attributes = {
				LastUpgradeCheck = 0430;
			};
			buildConfigurationList = ECD235C8164C6F5C0099253C /* Build configuration list for PBXProject "PetFinder" */;
			compatibilityVersion = "Xcode 3.2";
			developmentRegion = English;
			hasScannedForEncodings = 0;
			knownRegions = (
				en,
			);
			mainGroup = ECD235C3164C6F5C0099253C;
			productRefGroup = ECD235CF164C6F5C0099253C /* Products */;
			projectDirPath = "";
			projectRoot = "";
			targets = (
				ECD235CD164C6F5C0099253C /* PetFinder */,
			);
		};
/* End PBXProject section */

/* Begin PBXResourcesBuildPhase section */
		ECD235CC164C6F5C0099253C /* Resources */ = {
			isa = PBXResourcesBuildPhase;
			buildActionMask = 2147483647;
			files = (
				ECD235DD164C6F5C0099253C /* InfoPlist.strings in Resources */,
				7D08AC901651C56D0050663D /* BaseViewController.xib in Resources */,
				7DDF187E165306AB00F7FD78 /* Settings.bundle in Resources */,
				48D2307816558EF30028785F /* AnimalCell.xib in Resources */,
				F1F332F21659FECA0092329F /* animals.xml in Resources */,
				7D9DE0FB165ECAEA00831BB8 /* FilterViewController.xib in Resources */,
				7D9DE0FD165EE62E00831BB8 /* Filter.plist in Resources */,
				489BD523166BE805008E9EE8 /* DetailViewController.xib in Resources */,
				489BD531166BE8A4008E9EE8 /* Cats.png in Resources */,
				489BD532166BE8A4008E9EE8 /* Cats@2x.png in Resources */,
				489BD533166BE8A4008E9EE8 /* CatsTab.png in Resources */,
				489BD534166BE8A4008E9EE8 /* CatsTab@2x.png in Resources */,
				489BD535166BE8A4008E9EE8 /* Dogs.png in Resources */,
				489BD536166BE8A4008E9EE8 /* Dogs@2x.png in Resources */,
				489BD537166BE8A4008E9EE8 /* DogsTab.png in Resources */,
				489BD538166BE8A4008E9EE8 /* DogsTab@2x.png in Resources */,
				489BD539166BE8A4008E9EE8 /* Favorite.png in Resources */,
				489BD53A166BE8A4008E9EE8 /* Favorite@2x.png in Resources */,
				489BD53B166BE8A4008E9EE8 /* FavoriteTab.png in Resources */,
				489BD53C166BE8A4008E9EE8 /* FavoriteTab@2x.png in Resources */,
				482991E9166C033600C197DE /* Default-568h@2x.png in Resources */,
				48ECD46D166C40D700BF2384 /* FavoriteNavButton.png in Resources */,
				48ECD46E166C40D700BF2384 /* FavoriteNavButton@2x.png in Resources */,
				48ECD46F166C40D700BF2384 /* Favorite-NotSelected@2x.png in Resources */,
				48ECD470166C40D700BF2384 /* Favorite-NotSelected.png in Resources */,
				48ECD471166C40D700BF2384 /* ShakeToFavorite@2x.png in Resources */,
				48ECD472166C40D700BF2384 /* ShakeToFavorite.png in Resources */,
				48ECD47D166C636100BF2384 /* Favorite-Selected.png in Resources */,
				48ECD47E166C636100BF2384 /* Favorite-Selected@2x.png in Resources */,
				484C6DBA166FC25200F6A0EC /* Icon@2x.png in Resources */,
				484C6DBC166FC25500F6A0EC /* Icon.png in Resources */,
				48C1BA2B167070970063E50A /* InfoViewController.xib in Resources */,
				48C1BA2E167083710063E50A /* shelterlogo.png in Resources */,
				48C1BA2F167083710063E50A /* shelterlogo@2x.png in Resources */,
				48C1BA3216708A9D0063E50A /* infoicon.png in Resources */,
				48C1BA3316708A9D0063E50A /* infoicon@2x.png in Resources */,
			);
			runOnlyForDeploymentPostprocessing = 0;
		};
/* End PBXResourcesBuildPhase section */

/* Begin PBXSourcesBuildPhase section */
		ECD235CA164C6F5C0099253C /* Sources */ = {
			isa = PBXSourcesBuildPhase;
			buildActionMask = 2147483647;
			files = (
				ECD235DF164C6F5C0099253C /* main.m in Sources */,
				ECD235E3164C6F5C0099253C /* AppDelegate.m in Sources */,
				7D08AC8F1651C56D0050663D /* DogsViewController.m in Sources */,
				7D08AC951651C5860050663D /* CatsViewController.m in Sources */,
				7D08AC9A1651C5A10050663D /* FavoritesViewController.m in Sources */,
				7D08ACB91651DC2E0050663D /* Animal.m in Sources */,
				7D08ACCE1651F6130050663D /* CHCSVParser.m in Sources */,
				7D08ACCF1651F6130050663D /* CHCSVWriter.m in Sources */,
				7D08ACD01651F6130050663D /* NSArray+CHCSVAdditions.m in Sources */,
				7D08ACD11651F6130050663D /* NSString+CHCSVAdditions.m in Sources */,
				7D08ACD41651FBF10050663D /* Utilities.m in Sources */,
				7D08ACD81651FCF30050663D /* AnimalStore.m in Sources */,
				7D60D18316583903007F83D2 /* AnimalCell.m in Sources */,
				7D9DE0DE165EA7C600831BB8 /* BaseViewController.m in Sources */,
				7D9DE0FA165ECAEA00831BB8 /* FilterViewController.m in Sources */,
				489BD522166BE805008E9EE8 /* DetailViewController.m in Sources */,
				482991E4166BEF7B00C197DE /* FavoriteAnimalStore.m in Sources */,
				482991F0166C0D2300C197DE /* AsyncImageView.m in Sources */,
				4BBCBDD8166C1DDC004C619F /* FavoriteImageStore.m in Sources */,
				4BBCBDDD166C315C004C619F /* PetFinderModel.xcdatamodeld in Sources */,
				4BBCBDE0166C3772004C619F /* FavoriteAnimal.m in Sources */,
				48C1BA09167021170063E50A /* AnimalConnection.m in Sources */,
				48C1BA0F167024CC0063E50A /* Animals.m in Sources */,
				48C1BA2A167070970063E50A /* InfoViewController.m in Sources */,
			);
			runOnlyForDeploymentPostprocessing = 0;
		};
/* End PBXSourcesBuildPhase section */

/* Begin PBXVariantGroup section */
		ECD235DB164C6F5C0099253C /* InfoPlist.strings */ = {
			isa = PBXVariantGroup;
			children = (
				ECD235DC164C6F5C0099253C /* en */,
			);
			name = InfoPlist.strings;
			sourceTree = "<group>";
		};
/* End PBXVariantGroup section */

/* Begin XCBuildConfiguration section */
		ECD235EA164C6F5C0099253C /* Debug */ = {
			isa = XCBuildConfiguration;
			buildSettings = {
				ALWAYS_SEARCH_USER_PATHS = NO;
				ARCHS = "$(ARCHS_STANDARD_32_BIT)";
				CLANG_ENABLE_OBJC_ARC = YES;
				"CODE_SIGN_IDENTITY[sdk=iphoneos*]" = "iPhone Developer";
				COPY_PHASE_STRIP = NO;
				GCC_C_LANGUAGE_STANDARD = gnu99;
				GCC_DYNAMIC_NO_PIC = NO;
				GCC_OPTIMIZATION_LEVEL = 0;
				GCC_PREPROCESSOR_DEFINITIONS = (
					"DEBUG=1",
					"$(inherited)",
				);
				GCC_SYMBOLS_PRIVATE_EXTERN = NO;
				GCC_VERSION = com.apple.compilers.llvm.clang.1_0;
				GCC_WARN_ABOUT_RETURN_TYPE = YES;
				GCC_WARN_UNINITIALIZED_AUTOS = YES;
				GCC_WARN_UNUSED_VARIABLE = YES;
				IPHONEOS_DEPLOYMENT_TARGET = 5.1;
				SDKROOT = iphoneos;
			};
			name = Debug;
		};
		ECD235EB164C6F5C0099253C /* Release */ = {
			isa = XCBuildConfiguration;
			buildSettings = {
				ALWAYS_SEARCH_USER_PATHS = NO;
				ARCHS = "$(ARCHS_STANDARD_32_BIT)";
				CLANG_ENABLE_OBJC_ARC = YES;
				"CODE_SIGN_IDENTITY[sdk=iphoneos*]" = "iPhone Developer";
				COPY_PHASE_STRIP = YES;
				GCC_C_LANGUAGE_STANDARD = gnu99;
				GCC_VERSION = com.apple.compilers.llvm.clang.1_0;
				GCC_WARN_ABOUT_RETURN_TYPE = YES;
				GCC_WARN_UNINITIALIZED_AUTOS = YES;
				GCC_WARN_UNUSED_VARIABLE = YES;
				IPHONEOS_DEPLOYMENT_TARGET = 5.1;
				OTHER_CFLAGS = "-DNS_BLOCK_ASSERTIONS=1";
				SDKROOT = iphoneos;
				VALIDATE_PRODUCT = YES;
			};
			name = Release;
		};
		ECD235ED164C6F5C0099253C /* Debug */ = {
			isa = XCBuildConfiguration;
			buildSettings = {
				GCC_PRECOMPILE_PREFIX_HEADER = YES;
				GCC_PREFIX_HEADER = "PetFinder/PetFinder-Prefix.pch";
				INFOPLIST_FILE = "PetFinder/PetFinder-Info.plist";
				IPHONEOS_DEPLOYMENT_TARGET = 5.0;
				PRODUCT_NAME = "$(TARGET_NAME)";
				SDKROOT = iphoneos;
				WRAPPER_EXTENSION = app;
			};
			name = Debug;
		};
		ECD235EE164C6F5C0099253C /* Release */ = {
			isa = XCBuildConfiguration;
			buildSettings = {
				GCC_PRECOMPILE_PREFIX_HEADER = YES;
				GCC_PREFIX_HEADER = "PetFinder/PetFinder-Prefix.pch";
				INFOPLIST_FILE = "PetFinder/PetFinder-Info.plist";
				IPHONEOS_DEPLOYMENT_TARGET = 5.0;
				PRODUCT_NAME = "$(TARGET_NAME)";
				SDKROOT = iphoneos;
				WRAPPER_EXTENSION = app;
			};
			name = Release;
		};
/* End XCBuildConfiguration section */

/* Begin XCConfigurationList section */
		ECD235C8164C6F5C0099253C /* Build configuration list for PBXProject "PetFinder" */ = {
			isa = XCConfigurationList;
			buildConfigurations = (
				ECD235EA164C6F5C0099253C /* Debug */,
				ECD235EB164C6F5C0099253C /* Release */,
			);
			defaultConfigurationIsVisible = 0;
			defaultConfigurationName = Release;
		};
		ECD235EC164C6F5C0099253C /* Build configuration list for PBXNativeTarget "PetFinder" */ = {
			isa = XCConfigurationList;
			buildConfigurations = (
				ECD235ED164C6F5C0099253C /* Debug */,
				ECD235EE164C6F5C0099253C /* Release */,
			);
			defaultConfigurationIsVisible = 0;
			defaultConfigurationName = Release;
		};
/* End XCConfigurationList section */

/* Begin XCVersionGroup section */
		4BBCBDDB166C315C004C619F /* PetFinderModel.xcdatamodeld */ = {
			isa = XCVersionGroup;
			children = (
				4BBCBDDC166C315C004C619F /* PetFinderModel.xcdatamodel */,
			);
			currentVersion = 4BBCBDDC166C315C004C619F /* PetFinderModel.xcdatamodel */;
			path = PetFinderModel.xcdatamodeld;
			sourceTree = "<group>";
			versionGroupType = wrapper.xcdatamodel;
		};
/* End XCVersionGroup section */
	};
	rootObject = ECD235C5164C6F5C0099253C /* Project object */;
}
